{
  "version": 4,
  "terraform_version": "1.4.6",
  "serial": 1,
  "lineage": "abb7365f-5c12-9630-b219-69dd9d98a5e4",
  "outputs": {},
  "resources": [
    {
      "mode": "managed",
      "type": "local_file",
      "name": "devops",
      "provider": "provider[\"registry.terraform.io/hashicorp/local\"]",
      "instances": [
        {
          "schema_version": 0,
          "attributes": {
            "content": "I want to be the best DevOps Engineer",
            "content_base64": null,
            "content_base64sha256": "vQKv1dd6u0UsbAd0bVUrez6a8m0oFMxn7WAqKTwAqXI=",
            "content_base64sha512": "l5B27dvYzDfzk7ltQKSzHB5l691lj/+80WuHdc9Cfcxv1QvNcnis3Dgwa3KCK3Uu7E7BCZu71QdH53MJ9S9Wvg==",
            "content_md5": "6ff784a4c7d42089f47ce9c6a8e0fb8d",
            "content_sha1": "9bd819e7bef7dea1e465904015875fed56963bb4",
            "content_sha256": "bd02afd5d77abb452c6c07746d552b7b3e9af26d2814cc67ed602a293c00a972",
            "content_sha512": "979076eddbd8cc37f393b96d40a4b31c1e65ebdd658fffbcd16b8775cf427dcc6fd50bcd7278acdc38306b72822b752eec4ec1099bbbd50747e77309f52f56be",
            "directory_permission": "0777",
            "file_permission": "0777",
            "filename": "/home/ec2-user/terraform-prac/devops-automated.txt",
            "id": "9bd819e7bef7dea1e465904015875fed56963bb4",
            "sensitive_content": null,
            "source": null
          },
          "sensitive_attributes": []
        }
      ]
    }
  ],
  "check_results": null
}
